
Microsoft Visual Studio Solution File, Format Version 12.00
# Visual Studio 2012
Project("{2150E333-8FDC-42A3-9474-1A3956D46DE8}") = "Samples", "Samples", "{9A78ACA0-F995-44C9-98B0-B9602DCFEA9B}"
EndProject
Project("{FAE04EC0-301F-11D3-BF4B-00C04F79EFBC}") = "InlineScheduler", "src\InlineScheduler\InlineScheduler.csproj", "{EFA8DCC8-0286-4D52-8F11-66495B4F9DC4}"
EndProject
Project("{FAE04EC0-301F-11D3-BF4B-00C04F79EFBC}") = "Tests", "src\Tests\Tests.csproj", "{F2A863EC-DE60-4368-B996-8D6CCA00E618}"
EndProject
Project("{FAE04EC0-301F-11D3-BF4B-00C04F79EFBC}") = "SimpleConsoleExample", "src\SimpleConsoleExample\SimpleConsoleExample.csproj", "{5BBAA15B-0CD4-4D4D-84B5-DC36F7102912}"
EndProject
Project("{FAE04EC0-301F-11D3-BF4B-00C04F79EFBC}") = "SimpleWebExample", "src\SimpleWebExample\SimpleWebExample.csproj", "{C973524E-7D2C-4248-AA77-FB5B9920C86B}"
EndProject
Project("{2150E333-8FDC-42A3-9474-1A3956D46DE8}") = ".nuget", ".nuget", "{E11BDD09-7B74-4607-88CE-EDB18EA79DCA}"
	ProjectSection(SolutionItems) = preProject
		.nuget\NuGet.exe = .nuget\NuGet.exe
		.nuget\NuGet.targets = .nuget\NuGet.targets
	EndProjectSection
EndProject
Global
	GlobalSection(SolutionConfigurationPlatforms) = preSolution
		Debug|Any CPU = Debug|Any CPU
		Debug|Mixed Platforms = Debug|Mixed Platforms
		Debug|x86 = Debug|x86
		Release|Any CPU = Release|Any CPU
		Release|Mixed Platforms = Release|Mixed Platforms
		Release|x86 = Release|x86
	EndGlobalSection
	GlobalSection(ProjectConfigurationPlatforms) = postSolution
		{EFA8DCC8-0286-4D52-8F11-66495B4F9DC4}.Debug|Any CPU.ActiveCfg = Debug|Any CPU
		{EFA8DCC8-0286-4D52-8F11-66495B4F9DC4}.Debug|Any CPU.Build.0 = Debug|Any CPU
		{EFA8DCC8-0286-4D52-8F11-66495B4F9DC4}.Debug|Mixed Platforms.ActiveCfg = Debug|Any CPU
		{EFA8DCC8-0286-4D52-8F11-66495B4F9DC4}.Debug|Mixed Platforms.Build.0 = Debug|Any CPU
		{EFA8DCC8-0286-4D52-8F11-66495B4F9DC4}.Debug|x86.ActiveCfg = Debug|Any CPU
		{EFA8DCC8-0286-4D52-8F11-66495B4F9DC4}.Release|Any CPU.ActiveCfg = Release|Any CPU
		{EFA8DCC8-0286-4D52-8F11-66495B4F9DC4}.Release|Any CPU.Build.0 = Release|Any CPU
		{EFA8DCC8-0286-4D52-8F11-66495B4F9DC4}.Release|Mixed Platforms.ActiveCfg = Release|Any CPU
		{EFA8DCC8-0286-4D52-8F11-66495B4F9DC4}.Release|Mixed Platforms.Build.0 = Release|Any CPU
		{EFA8DCC8-0286-4D52-8F11-66495B4F9DC4}.Release|x86.ActiveCfg = Release|Any CPU
		{F2A863EC-DE60-4368-B996-8D6CCA00E618}.Debug|Any CPU.ActiveCfg = Debug|Any CPU
		{F2A863EC-DE60-4368-B996-8D6CCA00E618}.Debug|Any CPU.Build.0 = Debug|Any CPU
		{F2A863EC-DE60-4368-B996-8D6CCA00E618}.Debug|Mixed Platforms.ActiveCfg = Debug|Any CPU
		{F2A863EC-DE60-4368-B996-8D6CCA00E618}.Debug|Mixed Platforms.Build.0 = Debug|Any CPU
		{F2A863EC-DE60-4368-B996-8D6CCA00E618}.Debug|x86.ActiveCfg = Debug|Any CPU
		{F2A863EC-DE60-4368-B996-8D6CCA00E618}.Release|Any CPU.ActiveCfg = Release|Any CPU
		{F2A863EC-DE60-4368-B996-8D6CCA00E618}.Release|Any CPU.Build.0 = Release|Any CPU
		{F2A863EC-DE60-4368-B996-8D6CCA00E618}.Release|Mixed Platforms.ActiveCfg = Release|Any CPU
		{F2A863EC-DE60-4368-B996-8D6CCA00E618}.Release|Mixed Platforms.Build.0 = Release|Any CPU
		{F2A863EC-DE60-4368-B996-8D6CCA00E618}.Release|x86.ActiveCfg = Release|Any CPU
		{5BBAA15B-0CD4-4D4D-84B5-DC36F7102912}.Debug|Any CPU.ActiveCfg = Debug|x86
		{5BBAA15B-0CD4-4D4D-84B5-DC36F7102912}.Debug|Mixed Platforms.ActiveCfg = Debug|x86
		{5BBAA15B-0CD4-4D4D-84B5-DC36F7102912}.Debug|Mixed Platforms.Build.0 = Debug|x86
		{5BBAA15B-0CD4-4D4D-84B5-DC36F7102912}.Debug|x86.ActiveCfg = Debug|x86
		{5BBAA15B-0CD4-4D4D-84B5-DC36F7102912}.Debug|x86.Build.0 = Debug|x86
		{5BBAA15B-0CD4-4D4D-84B5-DC36F7102912}.Release|Any CPU.ActiveCfg = Release|x86
		{5BBAA15B-0CD4-4D4D-84B5-DC36F7102912}.Release|Mixed Platforms.ActiveCfg = Release|x86
		{5BBAA15B-0CD4-4D4D-84B5-DC36F7102912}.Release|Mixed Platforms.Build.0 = Release|x86
		{5BBAA15B-0CD4-4D4D-84B5-DC36F7102912}.Release|x86.ActiveCfg = Release|x86
		{5BBAA15B-0CD4-4D4D-84B5-DC36F7102912}.Release|x86.Build.0 = Release|x86
		{C973524E-7D2C-4248-AA77-FB5B9920C86B}.Debug|Any CPU.ActiveCfg = Debug|Any CPU
		{C973524E-7D2C-4248-AA77-FB5B9920C86B}.Debug|Any CPU.Build.0 = Debug|Any CPU
		{C973524E-7D2C-4248-AA77-FB5B9920C86B}.Debug|Mixed Platforms.ActiveCfg = Debug|Any CPU
		{C973524E-7D2C-4248-AA77-FB5B9920C86B}.Debug|Mixed Platforms.Build.0 = Debug|Any CPU
		{C973524E-7D2C-4248-AA77-FB5B9920C86B}.Debug|x86.ActiveCfg = Debug|Any CPU
		{C973524E-7D2C-4248-AA77-FB5B9920C86B}.Release|Any CPU.ActiveCfg = Release|Any CPU
		{C973524E-7D2C-4248-AA77-FB5B9920C86B}.Release|Any CPU.Build.0 = Release|Any CPU
		{C973524E-7D2C-4248-AA77-FB5B9920C86B}.Release|Mixed Platforms.ActiveCfg = Release|Any CPU
		{C973524E-7D2C-4248-AA77-FB5B9920C86B}.Release|Mixed Platforms.Build.0 = Release|Any CPU
		{C973524E-7D2C-4248-AA77-FB5B9920C86B}.Release|x86.ActiveCfg = Release|Any CPU
	EndGlobalSection
	GlobalSection(SolutionProperties) = preSolution
		HideSolutionNode = FALSE
	EndGlobalSection
	GlobalSection(NestedProjects) = preSolution
		{5BBAA15B-0CD4-4D4D-84B5-DC36F7102912} = {9A78ACA0-F995-44C9-98B0-B9602DCFEA9B}
		{C973524E-7D2C-4248-AA77-FB5B9920C86B} = {9A78ACA0-F995-44C9-98B0-B9602DCFEA9B}
	EndGlobalSection
EndGlobal
